PODS:
  - Alamofire (4.9.1)
  - MOLH (1.1.1)

DEPENDENCIES:
  - Alamofire
  - MOLH

SPEC REPOS:
  trunk:
    - Alamofire
    - MOLH

SPEC CHECKSUMS:
  Alamofire: 85e8a02c69d6020a0d734f6054870d7ecb75cf18
  MOLH: d6b7c2d7e1aa761bdffee294834a1c8307b683bf

PODFILE CHECKSUM: f1dfa2ce05734f687238d22e2e14fefc7fc2024c

COCOAPODS: 1.8.4
